// !$*UTF8*$!
{
	archiveVersion = 1;
	classes = {
	};
	objectVersion = 50;
	objects = {

/* Begin PBXBuildFile section */
		67F57F4321D7046800534D31 /* AppDelegate.m in Sources */ = {isa = PBXBuildFile; fileRef = 67F57F4221D7046800534D31 /* AppDelegate.m */; };
		67F57F4621D7046800534D31 /* ViewController.m in Sources */ = {isa = PBXBuildFile; fileRef = 67F57F4521D7046800534D31 /* ViewController.m */; };
		67F57F4921D7046800534D31 /* Main.storyboard in Resources */ = {isa = PBXBuildFile; fileRef = 67F57F4721D7046800534D31 /* Main.storyboard */; };
		67F57F4B21D7046A00534D31 /* Assets.xcassets in Resources */ = {isa = PBXBuildFile; fileRef = 67F57F4A21D7046A00534D31 /* Assets.xcassets */; };
		67F57F4E21D7046A00534D31 /* LaunchScreen.storyboard in Resources */ = {isa = PBXBuildFile; fileRef = 67F57F4C21D7046A00534D31 /* LaunchScreen.storyboard */; };
		67F57F5121D7046A00534D31 /* main.m in Sources */ = {isa = PBXBuildFile; fileRef = 67F57F5021D7046A00534D31 /* main.m */; };
/* End PBXBuildFile section */

/* Begin PBXFileReference section */
		67F57F3E21D7046800534D31 /* ZFPlayerCase.app */ = {isa = PBXFileReference; explicitFileType = wrapper.application; includeInIndex = 0; path = ZFPlayerCase.app; sourceTree = BUILT_PRODUCTS_DIR; };
		67F57F4121D7046800534D31 /* AppDelegate.h */ = {isa = PBXFileReference; lastKnownFileType = sourcecode.c.h; path = AppDelegate.h; sourceTree = "<group>"; };
		67F57F4221D7046800534D31 /* AppDelegate.m */ = {isa = PBXFileReference; lastKnownFileType = sourcecode.c.objc; path = AppDelegate.m; sourceTree = "<group>"; };
		67F57F4421D7046800534D31 /* ViewController.h */ = {isa = PBXFileReference; lastKnownFileType = sourcecode.c.h; path = ViewController.h; sourceTree = "<group>"; };
		67F57F4521D7046800534D31 /* ViewController.m */ = {isa = PBXFileReference; lastKnownFileType = sourcecode.c.objc; path = ViewController.m; sourceTree = "<group>"; };
		67F57F4821D7046800534D31 /* Base */ = {isa = PBXFileReference; lastKnownFileType = file.storyboard; name = Base; path = Base.lproj/Main.storyboard; sourceTree = "<group>"; };
		67F57F4A21D7046A00534D31 /* Assets.xcassets */ = {isa = PBXFileReference; lastKnownFileType = folder.assetcatalog; path = Assets.xcassets; sourceTree = "<group>"; };
		67F57F4D21D7046A00534D31 /* Base */ = {isa = PBXFileReference; lastKnownFileType = file.storyboard; name = Base; path = Base.lproj/LaunchScreen.storyboard; sourceTree = "<group>"; };
		67F57F4F21D7046A00534D31 /* Info.plist */ = {isa = PBXFileReference; lastKnownFileType = text.plist.xml; path = Info.plist; sourceTree = "<group>"; };
		67F57F5021D7046A00534D31 /* main.m */ = {isa = PBXFileReference; lastKnownFileType = sourcecode.c.objc; path = main.m; sourceTree = "<group>"; };
/* End PBXFileReference section */

/* Begin PBXFrameworksBuildPhase section */
		67F57F3B21D7046800534D31 /* Frameworks */ = {
			isa = PBXFrameworksBuildPhase;
			buildActionMask = 2147483647;
			files = (
			);
			runOnlyForDeploymentPostprocessing = 0;
		};
/* End PBXFrameworksBuildPhase section */

/* Begin PBXGroup section */
		67F57F3521D7046800534D31 = {
			isa = PBXGroup;
			children = (
				67F57F4021D7046800534D31 /* ZFPlayerCase */,
				67F57F3F21D7046800534D31 /* Products */,
			);
			sourceTree = "<group>";
		};
		67F57F3F21D7046800534D31 /* Products */ = {
			isa = PBXGroup;
			children = (
				67F57F3E21D7046800534D31 /* ZFPlayerCase.app */,
			);
			name = Products;
			sourceTree = "<group>";
		};
		67F57F4021D7046800534D31 /* ZFPlayerCase */ = {
			isa = PBXGroup;
			children = (
				67F57F4121D7046800534D31 /* AppDelegate.h */,
				67F57F4221D7046800534D31 /* AppDelegate.m */,
				67F57F4421D7046800534D31 /* ViewController.h */,
				67F57F4521D7046800534D31 /* ViewController.m */,
				67F57F4721D7046800534D31 /* Main.storyboard */,
				67F57F4A21D7046A00534D31 /* Assets.xcassets */,
				67F57F4C21D7046A00534D31 /* LaunchScreen.storyboard */,
				67F57F4F21D7046A00534D31 /* Info.plist */,
				67F57F5021D7046A00534D31 /* main.m */,
			);
			path = ZFPlayerCase;
			sourceTree = "<group>";
		};
/* End PBXGroup section */

/* Begin PBXNativeTarget section */
		67F57F3D21D7046800534D31 /* ZFPlayerCase */ = {
			isa = PBXNativeTarget;
			buildConfigurationList = 67F57F5421D7046A00534D31 /* Build configuration list for PBXNativeTarget "ZFPlayerCase" */;
			buildPhases = (
				67F57F3A21D7046800534D31 /* Sources */,
				67F57F3B21D7046800534D31 /* Frameworks */,
				67F57F3C21D7046800534D31 /* Resources */,
			);
			buildRules = (
			);
			dependencies = (
			);
			name = ZFPlayerCase;
			productName = ZFPlayerCase;
			productReference = 67F57F3E21D7046800534D31 /* ZFPlayerCase.app */;
			productType = "com.apple.product-type.application";
		};
/* End PBXNativeTarget section */

/* Begin PBXProject section */
		67F57F3621D7046800534D31 /* Project object */ = {
			isa = PBXProject;
			attributes = {
				LastUpgradeCheck = 0930;
				ORGANIZATIONNAME = "黄小刚";
				TargetAttributes = {
					67F57F3D21D7046800534D31 = {
						CreatedOnToolsVersion = 9.3;
					};
				};
			};
			buildConfigurationList = 67F57F3921D7046800534D31 /* Build configuration list for PBXProject "ZFPlayerCase" */;
			compatibilityVersion = "Xcode 9.3";
			developmentRegion = en;
			hasScannedForEncodings = 0;
			knownRegions = (
				en,
				Base,
			);
			mainGroup = 67F57F3521D7046800534D31;
			productRefGroup = 67F57F3F21D7046800534D31 /* Products */;
			projectDirPath = "";
			projectRoot = "";
			targets = (
				67F57F3D21D7046800534D31 /* ZFPlayerCase */,
			);
		};
/* End PBXProject section */

/* Begin PBXResourcesBuildPhase section */
		67F57F3C21D7046800534D31 /* Resources */ = {
			isa = PBXResourcesBuildPhase;
			buildActionMask = 2147483647;
			files = (
				67F57F4E21D7046A00534D31 /* LaunchScreen.storyboard in Resources */,
				67F57F4B21D7046A00534D31 /* Assets.xcassets in Resources */,
				67F57F4921D7046800534D31 /* Main.storyboard in Resources */,
			);
			runOnlyForDeploymentPostprocessing = 0;
		};
/* End PBXResourcesBuildPhase section */

/* Begin PBXSourcesBuildPhase section */
		67F57F3A21D7046800534D31 /* Sources */ = {
			isa = PBXSourcesBuildPhase;
			buildActionMask = 2147483647;
			files = (
				67F57F4621D7046800534D31 /* ViewController.m in Sources */,
				67F57F5121D7046A00534D31 /* main.m in Sources */,
				67F57F4321D7046800534D31 /* AppDelegate.m in Sources */,
			);
			runOnlyForDeploymentPostprocessing = 0;
		};
/* End PBXSourcesBuildPhase section */

/* Begin PBXVariantGroup section */
		67F57F4721D7046800534D31 /* Main.storyboard */ = {
			isa = PBXVariantGroup;
			children = (
				67F57F4821D7046800534D31 /* Base */,
			);
			name = Main.storyboard;
			sourceTree = "<group>";
		};
		67F57F4C21D7046A00534D31 /* LaunchScreen.storyboard */ = {
			isa = PBXVariantGroup;
			children = (
				67F57F4D21D7046A00534D31 /* Base */,
			);
			name = LaunchScreen.storyboard;
			sourceTree = "<group>";
		};
/* End PBXVariantGroup section */

/* Begin XCBuildConfiguration section */
		67F57F5221D7046A00534D31 /* Debug */ = {
			isa = XCBuildConfiguration;
			buildSettings = {
				ALWAYS_SEARCH_USER_PATHS = NO;
				CLANG_ANALYZER_NONNULL = YES;
				CLANG_ANALYZER_NUMBER_OBJECT_CONVERSION = YES_AGGRESSIVE;
				CLANG_CXX_LANGUAGE_STANDARD = "gnu++14";
				CLANG_CXX_LIBRARY = "libc++";
				CLANG_ENABLE_MODULES = YES;
				CLANG_ENABLE_OBJC_ARC = YES;
				CLANG_ENABLE_OBJC_WEAK = YES;
				CLANG_WARN_BLOCK_CAPTURE_AUTORELEASING = YES;
				CLANG_WARN_BOOL_CONVERSION = YES;
				CLANG_WARN_COMMA = YES;
				CLANG_WARN_CONSTANT_CONVERSION = YES;
				CLANG_WARN_DEPRECATED_OBJC_IMPLEMENTATIONS = YES;
				CLANG_WARN_DIRECT_OBJC_ISA_USAGE = YES_ERROR;
				CLANG_WARN_DOCUMENTATION_COMMENTS = YES;
				CLANG_WARN_EMPTY_BODY = YES;
				CLANG_WARN_ENUM_CONVERSION = YES;
				CLANG_WARN_INFINITE_RECURSION = YES;
				CLANG_WARN_INT_CONVERSION = YES;
				CLANG_WARN_NON_LITERAL_NULL_CONVERSION = YES;
				CLANG_WARN_OBJC_IMPLICIT_RETAIN_SELF = YES;
				CLANG_WARN_OBJC_LITERAL_CONVERSION = YES;
				CLANG_WARN_OBJC_ROOT_CLASS = YES_ERROR;
				CLANG_WARN_RANGE_LOOP_ANALYSIS = YES;
				CLANG_WARN_STRICT_PROTOTYPES = YES;
				CLANG_WARN_SUSPICIOUS_MOVE = YES;
				CLANG_WARN_UNGUARDED_AVAILABILITY = YES_AGGRESSIVE;
				CLANG_WARN_UNREACHABLE_CODE = YES;
				CLANG_WARN__DUPLICATE_METHOD_MATCH = YES;
				CODE_SIGN_IDENTITY = "iPhone Developer";
				COPY_PHASE_STRIP = NO;
				DEBUG_INFORMATION_FORMAT = dwarf;
				ENABLE_STRICT_OBJC_MSGSEND = YES;
				ENABLE_TESTABILITY = YES;
				GCC_C_LANGUAGE_STANDARD = gnu11;
				GCC_DYNAMIC_NO_PIC = NO;
				GCC_NO_COMMON_BLOCKS = YES;
				GCC_OPTIMIZATION_LEVEL = 0;
				GCC_PREPROCESSOR_DEFINITIONS = (
					"DEBUG=1",
					"$(inherited)",
				);
				GCC_WARN_64_TO_32_BIT_CONVERSION = YES;
				GCC_WARN_ABOUT_RETURN_TYPE = YES_ERROR;
				GCC_WARN_UNDECLARED_SELECTOR = YES;
				GCC_WARN_UNINITIALIZED_AUTOS = YES_AGGRESSIVE;
				GCC_WARN_UNUSED_FUNCTION = YES;
				GCC_WARN_UNUSED_VARIABLE = YES;
				IPHONEOS_DEPLOYMENT_TARGET = 11.3;
				MTL_ENABLE_DEBUG_INFO = YES;
				ONLY_ACTIVE_ARCH = YES;
				SDKROOT = iphoneos;
			};
			name = Debug;
		};
		67F57F5321D7046A00534D31 /* Release */ = {
			isa = XCBuildConfiguration;
			buildSettings = {
				ALWAYS_SEARCH_USER_PATHS = NO;
				CLANG_ANALYZER_NONNULL = YES;
				CLANG_ANALYZER_NUMBER_OBJECT_CONVERSION = YES_AGGRESSIVE;
				CLANG_CXX_LANGUAGE_STANDARD = "gnu++14";
				CLANG_CXX_LIBRARY = "libc++";
				CLANG_ENABLE_MODULES = YES;
				CLANG_ENABLE_OBJC_ARC = YES;
				CLANG_ENABLE_OBJC_WEAK = YES;
				CLANG_WARN_BLOCK_CAPTURE_AUTORELEASING = YES;
				CLANG_WARN_BOOL_CONVERSION = YES;
				CLANG_WARN_COMMA = YES;
				CLANG_WARN_CONSTANT_CONVERSION = YES;
				CLANG_WARN_DEPRECATED_OBJC_IMPLEMENTATIONS = YES;
				CLANG_WARN_DIRECT_OBJC_ISA_USAGE = YES_ERROR;
				CLANG_WARN_DOCUMENTATION_COMMENTS = YES;
				CLANG_WARN_EMPTY_BODY = YES;
				CLANG_WARN_ENUM_CONVERSION = YES;
				CLANG_WARN_INFINITE_RECURSION = YES;
				CLANG_WARN_INT_CONVERSION = YES;
				CLANG_WARN_NON_LITERAL_NULL_CONVERSION = YES;
				CLANG_WARN_OBJC_IMPLICIT_RETAIN_SELF = YES;
				CLANG_WARN_OBJC_LITERAL_CONVERSION = YES;
				CLANG_WARN_OBJC_ROOT_CLASS = YES_ERROR;
				CLANG_WARN_RANGE_LOOP_ANALYSIS = YES;
				CLANG_WARN_STRICT_PROTOTYPES = YES;
				CLANG_WARN_SUSPICIOUS_MOVE = YES;
				CLANG_WARN_UNGUARDED_AVAILABILITY = YES_AGGRESSIVE;
				CLANG_WARN_UNREACHABLE_CODE = YES;
				CLANG_WARN__DUPLICATE_METHOD_MATCH = YES;
				CODE_SIGN_IDENTITY = "iPhone Developer";
				COPY_PHASE_STRIP = NO;
				DEBUG_INFORMATION_FORMAT = "dwarf-with-dsym";
				ENABLE_NS_ASSERTIONS = NO;
				ENABLE_STRICT_OBJC_MSGSEND = YES;
				GCC_C_LANGUAGE_STANDARD = gnu11;
				GCC_NO_COMMON_BLOCKS = YES;
				GCC_WARN_64_TO_32_BIT_CONVERSION = YES;
				GCC_WARN_ABOUT_RETURN_TYPE = YES_ERROR;
				GCC_WARN_UNDECLARED_SELECTOR = YES;
				GCC_WARN_UNINITIALIZED_AUTOS = YES_AGGRESSIVE;
				GCC_WARN_UNUSED_FUNCTION = YES;
				GCC_WARN_UNUSED_VARIABLE = YES;
				IPHONEOS_DEPLOYMENT_TARGET = 11.3;
				MTL_ENABLE_DEBUG_INFO = NO;
				SDKROOT = iphoneos;
				VALIDATE_PRODUCT = YES;
			};
			name = Release;
		};
		67F57F5521D7046A00534D31 /* Debug */ = {
			isa = XCBuildConfiguration;
			buildSettings = {
				ASSETCATALOG_COMPILER_APPICON_NAME = AppIcon;
				CODE_SIGN_STYLE = Automatic;
				DEVELOPMENT_TEAM = C578BGF238;
				INFOPLIST_FILE = ZFPlayerCase/Info.plist;
				LD_RUNPATH_SEARCH_PATHS = (
					"$(inherited)",
					"@executable_path/Frameworks",
				);
				PRODUCT_BUNDLE_IDENTIFIER = com.hxg.ZFPlayerCase;
				PRODUCT_NAME = "$(TARGET_NAME)";
				TARGETED_DEVICE_FAMILY = "1,2";
			};
			name = Debug;
		};
		67F57F5621D7046A00534D31 /* Release */ = {
			isa = XCBuildConfiguration;
			buildSettings = {
				ASSETCATALOG_COMPILER_APPICON_NAME = AppIcon;
				CODE_SIGN_STYLE = Automatic;
				DEVELOPMENT_TEAM = C578BGF238;
				INFOPLIST_FILE = ZFPlayerCase/Info.plist;
				LD_RUNPATH_SEARCH_PATHS = (
					"$(inherited)",
					"@executable_path/Frameworks",
				);
				PRODUCT_BUNDLE_IDENTIFIER = com.hxg.ZFPlayerCase;
				PRODUCT_NAME = "$(TARGET_NAME)";
				TARGETED_DEVICE_FAMILY = "1,2";
			};
			name = Release;
		};
/* End XCBuildConfiguration section */

/* Begin XCConfigurationList section */
		67F57F3921D7046800534D31 /* Build configuration list for PBXProject "ZFPlayerCase" */ = {
			isa = XCConfigurationList;
			buildConfigurations = (
				67F57F5221D7046A00534D31 /* Debug */,
				67F57F5321D7046A00534D31 /* Release */,
			);
			defaultConfigurationIsVisible = 0;
			defaultConfigurationName = Release;
		};
		67F57F5421D7046A00534D31 /* Build configuration list for PBXNativeTarget "ZFPlayerCase" */ = {
			isa = XCConfigurationList;
			buildConfigurations = (
				67F57F5521D7046A00534D31 /* Debug */,
				67F57F5621D7046A00534D31 /* Release */,
			);
			defaultConfigurationIsVisible = 0;
			defaultConfigurationName = Release;
		};
/* End XCConfigurationList section */
	};
	rootObject = 67F57F3621D7046800534D31 /* Project object */;
}
