// !$*UTF8*$!
{
	archiveVersion = 1;
	classes = {
	};
	objectVersion = 50;
	objects = {

/* Begin PBXBuildFile section */
		678A402C21FE26CB00AA986A /* AppDelegate.swift in Sources */ = {isa = PBXBuildFile; fileRef = 678A402B21FE26CB00AA986A /* AppDelegate.swift */; };
		678A402E21FE26CB00AA986A /* ViewController.swift in Sources */ = {isa = PBXBuildFile; fileRef = 678A402D21FE26CB00AA986A /* ViewController.swift */; };
		678A403121FE26CB00AA986A /* Main.storyboard in Resources */ = {isa = PBXBuildFile; fileRef = 678A402F21FE26CB00AA986A /* Main.storyboard */; };
		678A403321FE26CD00AA986A /* Assets.xcassets in Resources */ = {isa = PBXBuildFile; fileRef = 678A403221FE26CD00AA986A /* Assets.xcassets */; };
		678A403621FE26CD00AA986A /* LaunchScreen.storyboard in Resources */ = {isa = PBXBuildFile; fileRef = 678A403421FE26CD00AA986A /* LaunchScreen.storyboard */; };
		E7EBD7763E0BEE9B1B642A40 /* Pods_mySwiftApp.framework in Frameworks */ = {isa = PBXBuildFile; fileRef = B2A96D37B6B213D5503A696A /* Pods_mySwiftApp.framework */; };
/* End PBXBuildFile section */

/* Begin PBXFileReference section */
		1C17269F3AA8CC6C810CD16C /* Pods-mySwiftApp.release.xcconfig */ = {isa = PBXFileReference; includeInIndex = 1; lastKnownFileType = text.xcconfig; name = "Pods-mySwiftApp.release.xcconfig"; path = "Pods/Target Support Files/Pods-mySwiftApp/Pods-mySwiftApp.release.xcconfig"; sourceTree = "<group>"; };
		25ACE6CE8A09F03800E6C7FC /* Pods-mySwiftApp.debug.xcconfig */ = {isa = PBXFileReference; includeInIndex = 1; lastKnownFileType = text.xcconfig; name = "Pods-mySwiftApp.debug.xcconfig"; path = "Pods/Target Support Files/Pods-mySwiftApp/Pods-mySwiftApp.debug.xcconfig"; sourceTree = "<group>"; };
		678A402821FE26CB00AA986A /* mySwiftApp.app */ = {isa = PBXFileReference; explicitFileType = wrapper.application; includeInIndex = 0; path = mySwiftApp.app; sourceTree = BUILT_PRODUCTS_DIR; };
		678A402B21FE26CB00AA986A /* AppDelegate.swift */ = {isa = PBXFileReference; lastKnownFileType = sourcecode.swift; path = AppDelegate.swift; sourceTree = "<group>"; };
		678A402D21FE26CB00AA986A /* ViewController.swift */ = {isa = PBXFileReference; lastKnownFileType = sourcecode.swift; path = ViewController.swift; sourceTree = "<group>"; };
		678A403021FE26CB00AA986A /* Base */ = {isa = PBXFileReference; lastKnownFileType = file.storyboard; name = Base; path = Base.lproj/Main.storyboard; sourceTree = "<group>"; };
		678A403221FE26CD00AA986A /* Assets.xcassets */ = {isa = PBXFileReference; lastKnownFileType = folder.assetcatalog; path = Assets.xcassets; sourceTree = "<group>"; };
		678A403521FE26CD00AA986A /* Base */ = {isa = PBXFileReference; lastKnownFileType = file.storyboard; name = Base; path = Base.lproj/LaunchScreen.storyboard; sourceTree = "<group>"; };
		678A403721FE26CD00AA986A /* Info.plist */ = {isa = PBXFileReference; lastKnownFileType = text.plist.xml; path = Info.plist; sourceTree = "<group>"; };
		B2A96D37B6B213D5503A696A /* Pods_mySwiftApp.framework */ = {isa = PBXFileReference; explicitFileType = wrapper.framework; includeInIndex = 0; path = Pods_mySwiftApp.framework; sourceTree = BUILT_PRODUCTS_DIR; };
/* End PBXFileReference section */

/* Begin PBXFrameworksBuildPhase section */
		678A402521FE26CB00AA986A /* Frameworks */ = {
			isa = PBXFrameworksBuildPhase;
			buildActionMask = 2147483647;
			files = (
				E7EBD7763E0BEE9B1B642A40 /* Pods_mySwiftApp.framework in Frameworks */,
			);
			runOnlyForDeploymentPostprocessing = 0;
		};
/* End PBXFrameworksBuildPhase section */

/* Begin PBXGroup section */
		678A401F21FE26CB00AA986A = {
			isa = PBXGroup;
			children = (
				678A402A21FE26CB00AA986A /* mySwiftApp */,
				678A402921FE26CB00AA986A /* Products */,
				EF3DB8E1E9A4478317FE1240 /* Pods */,
				6C1CE0424C37C25EB7FE60DD /* Frameworks */,
			);
			sourceTree = "<group>";
		};
		678A402921FE26CB00AA986A /* Products */ = {
			isa = PBXGroup;
			children = (
				678A402821FE26CB00AA986A /* mySwiftApp.app */,
			);
			name = Products;
			sourceTree = "<group>";
		};
		678A402A21FE26CB00AA986A /* mySwiftApp */ = {
			isa = PBXGroup;
			children = (
				678A402B21FE26CB00AA986A /* AppDelegate.swift */,
				678A402D21FE26CB00AA986A /* ViewController.swift */,
				678A402F21FE26CB00AA986A /* Main.storyboard */,
				678A403221FE26CD00AA986A /* Assets.xcassets */,
				678A403421FE26CD00AA986A /* LaunchScreen.storyboard */,
				678A403721FE26CD00AA986A /* Info.plist */,
			);
			path = mySwiftApp;
			sourceTree = "<group>";
		};
		6C1CE0424C37C25EB7FE60DD /* Frameworks */ = {
			isa = PBXGroup;
			children = (
				B2A96D37B6B213D5503A696A /* Pods_mySwiftApp.framework */,
			);
			name = Frameworks;
			sourceTree = "<group>";
		};
		EF3DB8E1E9A4478317FE1240 /* Pods */ = {
			isa = PBXGroup;
			children = (
				25ACE6CE8A09F03800E6C7FC /* Pods-mySwiftApp.debug.xcconfig */,
				1C17269F3AA8CC6C810CD16C /* Pods-mySwiftApp.release.xcconfig */,
			);
			name = Pods;
			sourceTree = "<group>";
		};
/* End PBXGroup section */

/* Begin PBXNativeTarget section */
		678A402721FE26CB00AA986A /* mySwiftApp */ = {
			isa = PBXNativeTarget;
			buildConfigurationList = 678A403A21FE26CD00AA986A /* Build configuration list for PBXNativeTarget "mySwiftApp" */;
			buildPhases = (
				6427015FBE588EF5BB3F5DF7 /* [CP] Check Pods Manifest.lock */,
				678A402421FE26CB00AA986A /* Sources */,
				678A402521FE26CB00AA986A /* Frameworks */,
				678A402621FE26CB00AA986A /* Resources */,
				09A51ECA302DD2323F150066 /* [CP] Embed Pods Frameworks */,
			);
			buildRules = (
			);
			dependencies = (
			);
			name = mySwiftApp;
			productName = mySwiftApp;
			productReference = 678A402821FE26CB00AA986A /* mySwiftApp.app */;
			productType = "com.apple.product-type.application";
		};
/* End PBXNativeTarget section */

/* Begin PBXProject section */
		678A402021FE26CB00AA986A /* Project object */ = {
			isa = PBXProject;
			attributes = {
				LastSwiftUpdateCheck = 1010;
				LastUpgradeCheck = 1010;
				ORGANIZATIONNAME = "黄小刚";
				TargetAttributes = {
					678A402721FE26CB00AA986A = {
						CreatedOnToolsVersion = 10.1;
					};
				};
			};
			buildConfigurationList = 678A402321FE26CB00AA986A /* Build configuration list for PBXProject "mySwiftApp" */;
			compatibilityVersion = "Xcode 9.3";
			developmentRegion = en;
			hasScannedForEncodings = 0;
			knownRegions = (
				en,
				Base,
			);
			mainGroup = 678A401F21FE26CB00AA986A;
			productRefGroup = 678A402921FE26CB00AA986A /* Products */;
			projectDirPath = "";
			projectRoot = "";
			targets = (
				678A402721FE26CB00AA986A /* mySwiftApp */,
			);
		};
/* End PBXProject section */

/* Begin PBXResourcesBuildPhase section */
		678A402621FE26CB00AA986A /* Resources */ = {
			isa = PBXResourcesBuildPhase;
			buildActionMask = 2147483647;
			files = (
				678A403621FE26CD00AA986A /* LaunchScreen.storyboard in Resources */,
				678A403321FE26CD00AA986A /* Assets.xcassets in Resources */,
				678A403121FE26CB00AA986A /* Main.storyboard in Resources */,
			);
			runOnlyForDeploymentPostprocessing = 0;
		};
/* End PBXResourcesBuildPhase section */

/* Begin PBXShellScriptBuildPhase section */
		09A51ECA302DD2323F150066 /* [CP] Embed Pods Frameworks */ = {
			isa = PBXShellScriptBuildPhase;
			buildActionMask = 2147483647;
			files = (
			);
			inputPaths = (
				"${SRCROOT}/Pods/Target Support Files/Pods-mySwiftApp/Pods-mySwiftApp-frameworks.sh",
				"${BUILT_PRODUCTS_DIR}/Masonry/Masonry.framework",
				"${BUILT_PRODUCTS_DIR}/SwiftyJSON/SwiftyJSON.framework",
			);
			name = "[CP] Embed Pods Frameworks";
			outputPaths = (
				"${TARGET_BUILD_DIR}/${FRAMEWORKS_FOLDER_PATH}/Masonry.framework",
				"${TARGET_BUILD_DIR}/${FRAMEWORKS_FOLDER_PATH}/SwiftyJSON.framework",
			);
			runOnlyForDeploymentPostprocessing = 0;
			shellPath = /bin/sh;
			shellScript = "\"${SRCROOT}/Pods/Target Support Files/Pods-mySwiftApp/Pods-mySwiftApp-frameworks.sh\"\n";
			showEnvVarsInLog = 0;
		};
		6427015FBE588EF5BB3F5DF7 /* [CP] Check Pods Manifest.lock */ = {
			isa = PBXShellScriptBuildPhase;
			buildActionMask = 2147483647;
			files = (
			);
			inputPaths = (
				"${PODS_PODFILE_DIR_PATH}/Podfile.lock",
				"${PODS_ROOT}/Manifest.lock",
			);
			name = "[CP] Check Pods Manifest.lock";
			outputPaths = (
				"$(DERIVED_FILE_DIR)/Pods-mySwiftApp-checkManifestLockResult.txt",
			);
			runOnlyForDeploymentPostprocessing = 0;
			shellPath = /bin/sh;
			shellScript = "diff \"${PODS_PODFILE_DIR_PATH}/Podfile.lock\" \"${PODS_ROOT}/Manifest.lock\" > /dev/null\nif [ $? != 0 ] ; then\n    # print error to STDERR\n    echo \"error: The sandbox is not in sync with the Podfile.lock. Run 'pod install' or update your CocoaPods installation.\" >&2\n    exit 1\nfi\n# This output is used by Xcode 'outputs' to avoid re-running this script phase.\necho \"SUCCESS\" > \"${SCRIPT_OUTPUT_FILE_0}\"\n";
			showEnvVarsInLog = 0;
		};
/* End PBXShellScriptBuildPhase section */

/* Begin PBXSourcesBuildPhase section */
		678A402421FE26CB00AA986A /* Sources */ = {
			isa = PBXSourcesBuildPhase;
			buildActionMask = 2147483647;
			files = (
				678A402E21FE26CB00AA986A /* ViewController.swift in Sources */,
				678A402C21FE26CB00AA986A /* AppDelegate.swift in Sources */,
			);
			runOnlyForDeploymentPostprocessing = 0;
		};
/* End PBXSourcesBuildPhase section */

/* Begin PBXVariantGroup section */
		678A402F21FE26CB00AA986A /* Main.storyboard */ = {
			isa = PBXVariantGroup;
			children = (
				678A403021FE26CB00AA986A /* Base */,
			);
			name = Main.storyboard;
			sourceTree = "<group>";
		};
		678A403421FE26CD00AA986A /* LaunchScreen.storyboard */ = {
			isa = PBXVariantGroup;
			children = (
				678A403521FE26CD00AA986A /* Base */,
			);
			name = LaunchScreen.storyboard;
			sourceTree = "<group>";
		};
/* End PBXVariantGroup section */

/* Begin XCBuildConfiguration section */
		678A403821FE26CD00AA986A /* Debug */ = {
			isa = XCBuildConfiguration;
			buildSettings = {
				ALWAYS_SEARCH_USER_PATHS = NO;
				CLANG_ANALYZER_NONNULL = YES;
				CLANG_ANALYZER_NUMBER_OBJECT_CONVERSION = YES_AGGRESSIVE;
				CLANG_CXX_LANGUAGE_STANDARD = "gnu++14";
				CLANG_CXX_LIBRARY = "libc++";
				CLANG_ENABLE_MODULES = YES;
				CLANG_ENABLE_OBJC_ARC = YES;
				CLANG_ENABLE_OBJC_WEAK = YES;
				CLANG_WARN_BLOCK_CAPTURE_AUTORELEASING = YES;
				CLANG_WARN_BOOL_CONVERSION = YES;
				CLANG_WARN_COMMA = YES;
				CLANG_WARN_CONSTANT_CONVERSION = YES;
				CLANG_WARN_DEPRECATED_OBJC_IMPLEMENTATIONS = YES;
				CLANG_WARN_DIRECT_OBJC_ISA_USAGE = YES_ERROR;
				CLANG_WARN_DOCUMENTATION_COMMENTS = YES;
				CLANG_WARN_EMPTY_BODY = YES;
				CLANG_WARN_ENUM_CONVERSION = YES;
				CLANG_WARN_INFINITE_RECURSION = YES;
				CLANG_WARN_INT_CONVERSION = YES;
				CLANG_WARN_NON_LITERAL_NULL_CONVERSION = YES;
				CLANG_WARN_OBJC_IMPLICIT_RETAIN_SELF = YES;
				CLANG_WARN_OBJC_LITERAL_CONVERSION = YES;
				CLANG_WARN_OBJC_ROOT_CLASS = YES_ERROR;
				CLANG_WARN_RANGE_LOOP_ANALYSIS = YES;
				CLANG_WARN_STRICT_PROTOTYPES = YES;
				CLANG_WARN_SUSPICIOUS_MOVE = YES;
				CLANG_WARN_UNGUARDED_AVAILABILITY = YES_AGGRESSIVE;
				CLANG_WARN_UNREACHABLE_CODE = YES;
				CLANG_WARN__DUPLICATE_METHOD_MATCH = YES;
				CODE_SIGN_IDENTITY = "iPhone Developer";
				COPY_PHASE_STRIP = NO;
				DEBUG_INFORMATION_FORMAT = dwarf;
				ENABLE_STRICT_OBJC_MSGSEND = YES;
				ENABLE_TESTABILITY = YES;
				GCC_C_LANGUAGE_STANDARD = gnu11;
				GCC_DYNAMIC_NO_PIC = NO;
				GCC_NO_COMMON_BLOCKS = YES;
				GCC_OPTIMIZATION_LEVEL = 0;
				GCC_PREPROCESSOR_DEFINITIONS = (
					"DEBUG=1",
					"$(inherited)",
				);
				GCC_WARN_64_TO_32_BIT_CONVERSION = YES;
				GCC_WARN_ABOUT_RETURN_TYPE = YES_ERROR;
				GCC_WARN_UNDECLARED_SELECTOR = YES;
				GCC_WARN_UNINITIALIZED_AUTOS = YES_AGGRESSIVE;
				GCC_WARN_UNUSED_FUNCTION = YES;
				GCC_WARN_UNUSED_VARIABLE = YES;
				IPHONEOS_DEPLOYMENT_TARGET = 12.1;
				MTL_ENABLE_DEBUG_INFO = INCLUDE_SOURCE;
				MTL_FAST_MATH = YES;
				ONLY_ACTIVE_ARCH = YES;
				SDKROOT = iphoneos;
				SWIFT_ACTIVE_COMPILATION_CONDITIONS = DEBUG;
				SWIFT_OPTIMIZATION_LEVEL = "-Onone";
			};
			name = Debug;
		};
		678A403921FE26CD00AA986A /* Release */ = {
			isa = XCBuildConfiguration;
			buildSettings = {
				ALWAYS_SEARCH_USER_PATHS = NO;
				CLANG_ANALYZER_NONNULL = YES;
				CLANG_ANALYZER_NUMBER_OBJECT_CONVERSION = YES_AGGRESSIVE;
				CLANG_CXX_LANGUAGE_STANDARD = "gnu++14";
				CLANG_CXX_LIBRARY = "libc++";
				CLANG_ENABLE_MODULES = YES;
				CLANG_ENABLE_OBJC_ARC = YES;
				CLANG_ENABLE_OBJC_WEAK = YES;
				CLANG_WARN_BLOCK_CAPTURE_AUTORELEASING = YES;
				CLANG_WARN_BOOL_CONVERSION = YES;
				CLANG_WARN_COMMA = YES;
				CLANG_WARN_CONSTANT_CONVERSION = YES;
				CLANG_WARN_DEPRECATED_OBJC_IMPLEMENTATIONS = YES;
				CLANG_WARN_DIRECT_OBJC_ISA_USAGE = YES_ERROR;
				CLANG_WARN_DOCUMENTATION_COMMENTS = YES;
				CLANG_WARN_EMPTY_BODY = YES;
				CLANG_WARN_ENUM_CONVERSION = YES;
				CLANG_WARN_INFINITE_RECURSION = YES;
				CLANG_WARN_INT_CONVERSION = YES;
				CLANG_WARN_NON_LITERAL_NULL_CONVERSION = YES;
				CLANG_WARN_OBJC_IMPLICIT_RETAIN_SELF = YES;
				CLANG_WARN_OBJC_LITERAL_CONVERSION = YES;
				CLANG_WARN_OBJC_ROOT_CLASS = YES_ERROR;
				CLANG_WARN_RANGE_LOOP_ANALYSIS = YES;
				CLANG_WARN_STRICT_PROTOTYPES = YES;
				CLANG_WARN_SUSPICIOUS_MOVE = YES;
				CLANG_WARN_UNGUARDED_AVAILABILITY = YES_AGGRESSIVE;
				CLANG_WARN_UNREACHABLE_CODE = YES;
				CLANG_WARN__DUPLICATE_METHOD_MATCH = YES;
				CODE_SIGN_IDENTITY = "iPhone Developer";
				COPY_PHASE_STRIP = NO;
				DEBUG_INFORMATION_FORMAT = "dwarf-with-dsym";
				ENABLE_NS_ASSERTIONS = NO;
				ENABLE_STRICT_OBJC_MSGSEND = YES;
				GCC_C_LANGUAGE_STANDARD = gnu11;
				GCC_NO_COMMON_BLOCKS = YES;
				GCC_WARN_64_TO_32_BIT_CONVERSION = YES;
				GCC_WARN_ABOUT_RETURN_TYPE = YES_ERROR;
				GCC_WARN_UNDECLARED_SELECTOR = YES;
				GCC_WARN_UNINITIALIZED_AUTOS = YES_AGGRESSIVE;
				GCC_WARN_UNUSED_FUNCTION = YES;
				GCC_WARN_UNUSED_VARIABLE = YES;
				IPHONEOS_DEPLOYMENT_TARGET = 12.1;
				MTL_ENABLE_DEBUG_INFO = NO;
				MTL_FAST_MATH = YES;
				SDKROOT = iphoneos;
				SWIFT_COMPILATION_MODE = wholemodule;
				SWIFT_OPTIMIZATION_LEVEL = "-O";
				VALIDATE_PRODUCT = YES;
			};
			name = Release;
		};
		678A403B21FE26CD00AA986A /* Debug */ = {
			isa = XCBuildConfiguration;
			baseConfigurationReference = 25ACE6CE8A09F03800E6C7FC /* Pods-mySwiftApp.debug.xcconfig */;
			buildSettings = {
				ASSETCATALOG_COMPILER_APPICON_NAME = AppIcon;
				CODE_SIGN_STYLE = Automatic;
				DEVELOPMENT_TEAM = C578BGF238;
				INFOPLIST_FILE = mySwiftApp/Info.plist;
				LD_RUNPATH_SEARCH_PATHS = (
					"$(inherited)",
					"@executable_path/Frameworks",
				);
				PRODUCT_BUNDLE_IDENTIFIER = com.hxg.mySwiftApp;
				PRODUCT_NAME = "$(TARGET_NAME)";
				SWIFT_VERSION = 4.2;
				TARGETED_DEVICE_FAMILY = "1,2";
			};
			name = Debug;
		};
		678A403C21FE26CD00AA986A /* Release */ = {
			isa = XCBuildConfiguration;
			baseConfigurationReference = 1C17269F3AA8CC6C810CD16C /* Pods-mySwiftApp.release.xcconfig */;
			buildSettings = {
				ASSETCATALOG_COMPILER_APPICON_NAME = AppIcon;
				CODE_SIGN_STYLE = Automatic;
				DEVELOPMENT_TEAM = C578BGF238;
				INFOPLIST_FILE = mySwiftApp/Info.plist;
				LD_RUNPATH_SEARCH_PATHS = (
					"$(inherited)",
					"@executable_path/Frameworks",
				);
				PRODUCT_BUNDLE_IDENTIFIER = com.hxg.mySwiftApp;
				PRODUCT_NAME = "$(TARGET_NAME)";
				SWIFT_VERSION = 4.2;
				TARGETED_DEVICE_FAMILY = "1,2";
			};
			name = Release;
		};
/* End XCBuildConfiguration section */

/* Begin XCConfigurationList section */
		678A402321FE26CB00AA986A /* Build configuration list for PBXProject "mySwiftApp" */ = {
			isa = XCConfigurationList;
			buildConfigurations = (
				678A403821FE26CD00AA986A /* Debug */,
				678A403921FE26CD00AA986A /* Release */,
			);
			defaultConfigurationIsVisible = 0;
			defaultConfigurationName = Release;
		};
		678A403A21FE26CD00AA986A /* Build configuration list for PBXNativeTarget "mySwiftApp" */ = {
			isa = XCConfigurationList;
			buildConfigurations = (
				678A403B21FE26CD00AA986A /* Debug */,
				678A403C21FE26CD00AA986A /* Release */,
			);
			defaultConfigurationIsVisible = 0;
			defaultConfigurationName = Release;
		};
/* End XCConfigurationList section */
	};
	rootObject = 678A402021FE26CB00AA986A /* Project object */;
}
